PODS:
  - ailia (0.0.1):
    - Flutter
  - ailia_audio (0.0.1):
    - Flutter
  - ailia_voice (0.0.1):
    - Flutter
  - audioplayers_darwin (0.0.1):
    - Flutter
  - Flutter (1.0.0)
  - integration_test (0.0.1):
    - Flutter
  - path_provider_foundation (0.0.1):
    - Flutter
    - FlutterMacOS
  - share_plus (0.0.1):
    - Flutter

DEPENDENCIES:
  - ailia (from `.symlinks/plugins/ailia/ios`)
  - ailia_audio (from `.symlinks/plugins/ailia_audio/ios`)
  - ailia_voice (from `.symlinks/plugins/ailia_voice/ios`)
  - audioplayers_darwin (from `.symlinks/plugins/audioplayers_darwin/ios`)
  - Flutter (from `Flutter`)
  - integration_test (from `.symlinks/plugins/integration_test/ios`)
  - path_provider_foundation (from `.symlinks/plugins/path_provider_foundation/darwin`)
  - share_plus (from `.symlinks/plugins/share_plus/ios`)

EXTERNAL SOURCES:
  ailia:
    :path: ".symlinks/plugins/ailia/ios"
  ailia_audio:
    :path: ".symlinks/plugins/ailia_audio/ios"
  ailia_voice:
    :path: ".symlinks/plugins/ailia_voice/ios"
  audioplayers_darwin:
    :path: ".symlinks/plugins/audioplayers_darwin/ios"
  Flutter:
    :path: Flutter
  integration_test:
    :path: ".symlinks/plugins/integration_test/ios"
  path_provider_foundation:
    :path: ".symlinks/plugins/path_provider_foundation/darwin"
  share_plus:
    :path: ".symlinks/plugins/share_plus/ios"

SPEC CHECKSUMS:
  ailia: 05473dc3e5c162d48e89d8bb9d090be9fe966126
  ailia_audio: 74c9ec91fda6e89d08285aaeaa5919d06b221c96
  ailia_voice: 3af085775d8ea8942f8192532c45fd4f7ea71b99
  audioplayers_darwin: ccf9c770ee768abb07e26d90af093f7bab1c12ab
  Flutter: e0871f40cf51350855a761d2e70bf5af5b9b5de7
  integration_test: 4a889634ef21a45d28d50d622cf412dc6d9f586e
  path_provider_foundation: 080d55be775b7414fd5a5ef3ac137b97b097e564
  share_plus: 50da8cb520a8f0f65671c6c6a99b3617ed10a58a

PODFILE CHECKSUM: 1b50a4280f44a231b37f858aebc2a001225decec

COCOAPODS: 1.15.2
