PODS:
  - ailia (0.0.1):
    - Flutter
  - ailia_audio (0.0.1):
    - Flutter
  - ailia_voice (0.0.1):
    - Flutter
  - audioplayers_darwin (0.0.1):
    - Flutter
  - Flutter (1.0.0)
  - integration_test (0.0.1):
    - Flutter
  - path_provider_foundation (0.0.1):
    - Flutter
    - FlutterMacOS
  - share_plus (0.0.1):
    - Flutter

DEPENDENCIES:
  - ailia (from `.symlinks/plugins/ailia/ios`)
  - ailia_audio (from `.symlinks/plugins/ailia_audio/ios`)
  - ailia_voice (from `.symlinks/plugins/ailia_voice/ios`)
  - audioplayers_darwin (from `.symlinks/plugins/audioplayers_darwin/ios`)
  - Flutter (from `Flutter`)
  - integration_test (from `.symlinks/plugins/integration_test/ios`)
  - path_provider_foundation (from `.symlinks/plugins/path_provider_foundation/darwin`)
  - share_plus (from `.symlinks/plugins/share_plus/ios`)

EXTERNAL SOURCES:
  ailia:
    :path: ".symlinks/plugins/ailia/ios"
  ailia_audio:
    :path: ".symlinks/plugins/ailia_audio/ios"
  ailia_voice:
    :path: ".symlinks/plugins/ailia_voice/ios"
  audioplayers_darwin:
    :path: ".symlinks/plugins/audioplayers_darwin/ios"
  Flutter:
    :path: Flutter
  integration_test:
    :path: ".symlinks/plugins/integration_test/ios"
  path_provider_foundation:
    :path: ".symlinks/plugins/path_provider_foundation/darwin"
  share_plus:
    :path: ".symlinks/plugins/share_plus/ios"

SPEC CHECKSUMS:
  ailia: dfd9d82d32f8858e00de4dfbbd215f055b9f1846
  ailia_audio: 5d473878c872e2adea458b313d87ec39fafe2939
  ailia_voice: e1e4de56e23fde371980c529efc2ec740655d479
  audioplayers_darwin: 877d9a4d06331c5c374595e46e16453ac7eafa40
  Flutter: e0871f40cf51350855a761d2e70bf5af5b9b5de7
  integration_test: 252f60fa39af5e17c3aa9899d35d908a0721b573
  path_provider_foundation: 2b6b4c569c0fb62ec74538f866245ac84301af46
  share_plus: 8b6f8b3447e494cca5317c8c3073de39b3600d1f

PODFILE CHECKSUM: 1b50a4280f44a231b37f858aebc2a001225decec

COCOAPODS: 1.13.0
